{
  "name": "ngx-suffix",
  "version": "0.0.1",
  "lockfileVersion": 1,
  "requires": true,
  "dependencies": {
    "ngx-window-token": {
      "version": "2.0.1",
      "resolved": "https://registry.npmjs.org/ngx-window-token/-/ngx-window-token-2.0.1.tgz",
      "integrity": "sha512-rvqdqJEfnWXQFU5fyfYt06E10tR/UtFOYdF3QebfcOh5VIJhnTKiprX8e4B9OrX7WEVFm9BT8uV72xXcEgsaKA==",
      "requires": {
        "tslib": "^1.9.0"
      }
    },
    "tslib": {
      "version": "1.10.0",
      "resolved": "https://registry.npmjs.org/tslib/-/tslib-1.10.0.tgz",
      "integrity": "sha512-qOebF53frne81cf0S9B41ByenJ3/IuH8yJKngAX35CmiZySA0khhkovshKK+jGCaMnVomla7gVlIcc3EvKPbTQ=="
    }
  }
}
